// !$*UTF8*$!
{
	archiveVersion = 1;
	classes = {
	};
	objectVersion = 46;
	objects = {

/* Begin PBXBuildFile section */
		181CC1B01DCB1DE900730026 /* resource in Resources */ = {isa = PBXBuildFile; fileRef = 181CC1AF1DCB1DE900730026 /* resource */; };
		181CC1B11DCB1DE900730026 /* resource in Resources */ = {isa = PBXBuildFile; fileRef = 181CC1AF1DCB1DE900730026 /* resource */; };
		182181851C579FBD00635EFE /* DeviceScene.cpp in Sources */ = {isa = PBXBuildFile; fileRef = 182181831C579FBD00635EFE /* DeviceScene.cpp */; };
		182181861C579FBD00635EFE /* DeviceScene.cpp in Sources */ = {isa = PBXBuildFile; fileRef = 182181831C579FBD00635EFE /* DeviceScene.cpp */; };
		184107061B6CAD4B005133E2 /* BaseScene.cpp in Sources */ = {isa = PBXBuildFile; fileRef = 184107041B6CAD4B005133E2 /* BaseScene.cpp */; };
		184107071B6CAD4B005133E2 /* BaseScene.cpp in Sources */ = {isa = PBXBuildFile; fileRef = 184107041B6CAD4B005133E2 /* BaseScene.cpp */; };
		184107131B6CBCAD005133E2 /* UIScene.cpp in Sources */ = {isa = PBXBuildFile; fileRef = 184107111B6CBCAD005133E2 /* UIScene.cpp */; };
		184107141B6CBCAD005133E2 /* UIScene.cpp in Sources */ = {isa = PBXBuildFile; fileRef = 184107111B6CBCAD005133E2 /* UIScene.cpp */; };
		18461D981CA25C78001A9829 /* DollScene.cpp in Sources */ = {isa = PBXBuildFile; fileRef = 18461D961CA25C78001A9829 /* DollScene.cpp */; };
		18461D991CA25C78001A9829 /* DollScene.cpp in Sources */ = {isa = PBXBuildFile; fileRef = 18461D961CA25C78001A9829 /* DollScene.cpp */; };
		18461DAA1CAA68F6001A9829 /* RTTShadowScene.cpp in Sources */ = {isa = PBXBuildFile; fileRef = 18461DA81CAA68F6001A9829 /* RTTShadowScene.cpp */; };
		18461DAB1CAA68F6001A9829 /* RTTShadowScene.cpp in Sources */ = {isa = PBXBuildFile; fileRef = 18461DA81CAA68F6001A9829 /* RTTShadowScene.cpp */; };
		184C3BC01C3AB6E20073B598 /* MeshScene.cpp in Sources */ = {isa = PBXBuildFile; fileRef = 184C3BBE1C3AB6E20073B598 /* MeshScene.cpp */; };
		184C3BC11C3AB6E20073B598 /* MeshScene.cpp in Sources */ = {isa = PBXBuildFile; fileRef = 184C3BBE1C3AB6E20073B598 /* MeshScene.cpp */; };
		185959C01B440AF600FFB5F5 /* Carbon.framework in Frameworks */ = {isa = PBXBuildFile; fileRef = 185959BF1B440AF500FFB5F5 /* Carbon.framework */; };
		185BD0311D9D1376008A55D2 /* ParticleScene.cpp in Sources */ = {isa = PBXBuildFile; fileRef = 185BD02F1D9D1376008A55D2 /* ParticleScene.cpp */; };
		185BD0321D9D1376008A55D2 /* ParticleScene.cpp in Sources */ = {isa = PBXBuildFile; fileRef = 185BD02F1D9D1376008A55D2 /* ParticleScene.cpp */; };
		185ED00319B4773F00801CA0 /* Cocoa.framework in Frameworks */ = {isa = PBXBuildFile; fileRef = 185ED00219B4773F00801CA0 /* Cocoa.framework */; };
		187CF5F319C7013E00C8094C /* libPeach3DLib_MAC.a in Frameworks */ = {isa = PBXBuildFile; fileRef = 187CF5F019C7011E00C8094C /* libPeach3DLib_MAC.a */; };
		187CF5FA19C7019000C8094C /* Foundation.framework in Frameworks */ = {isa = PBXBuildFile; fileRef = 187CF5F919C7019000C8094C /* Foundation.framework */; };
		187CF5FC19C7019000C8094C /* CoreGraphics.framework in Frameworks */ = {isa = PBXBuildFile; fileRef = 187CF5FB19C7019000C8094C /* CoreGraphics.framework */; };
		187CF5FE19C7019000C8094C /* UIKit.framework in Frameworks */ = {isa = PBXBuildFile; fileRef = 187CF5FD19C7019000C8094C /* UIKit.framework */; };
		187CF60419C7019000C8094C /* InfoPlist.strings in Resources */ = {isa = PBXBuildFile; fileRef = 187CF60219C7019000C8094C /* InfoPlist.strings */; };
		187CF60619C7019000C8094C /* main.m in Sources */ = {isa = PBXBuildFile; fileRef = 187CF60519C7019000C8094C /* main.m */; };
		187CF60A19C7019000C8094C /* AppDelegate.mm in Sources */ = {isa = PBXBuildFile; fileRef = 187CF60919C7019000C8094C /* AppDelegate.mm */; };
		187CF60C19C7019000C8094C /* Images.xcassets in Resources */ = {isa = PBXBuildFile; fileRef = 187CF60B19C7019000C8094C /* Images.xcassets */; };
		187CF62A19C7034900C8094C /* OpenGLES.framework in Frameworks */ = {isa = PBXBuildFile; fileRef = 187CF62919C7034900C8094C /* OpenGLES.framework */; };
		187CF62B19C7034F00C8094C /* libPeach3DLib_IOS.a in Frameworks */ = {isa = PBXBuildFile; fileRef = 187CF5F219C7011E00C8094C /* libPeach3DLib_IOS.a */; };
		187CF63319C7053100C8094C /* PlatformDelegate.cpp in Sources */ = {isa = PBXBuildFile; fileRef = 18F9F4D519C5E5640023C83B /* PlatformDelegate.cpp */; };
		187CF63A19C717CA00C8094C /* GLKit.framework in Frameworks */ = {isa = PBXBuildFile; fileRef = 187CF63919C717CA00C8094C /* GLKit.framework */; };
		187CF63F19C71BBC00C8094C /* AppDelegate.mm in Sources */ = {isa = PBXBuildFile; fileRef = 187CF63E19C71BBC00C8094C /* AppDelegate.mm */; };
		187CF64119C72A3100C8094C /* main.m in Sources */ = {isa = PBXBuildFile; fileRef = 187CF64019C72A3100C8094C /* main.m */; };
		187CF64619C72A5900C8094C /* Credits.rtf in Resources */ = {isa = PBXBuildFile; fileRef = 187CF64219C72A5900C8094C /* Credits.rtf */; };
		187CF64719C72A5900C8094C /* InfoPlist.strings in Resources */ = {isa = PBXBuildFile; fileRef = 187CF64419C72A5900C8094C /* InfoPlist.strings */; };
		187CF64919C72A7100C8094C /* Images.xcassets in Resources */ = {isa = PBXBuildFile; fileRef = 187CF64819C72A7100C8094C /* Images.xcassets */; };
		187D771C1C8ECF9300F5D161 /* LightScene.cpp in Sources */ = {isa = PBXBuildFile; fileRef = 187D771A1C8ECF9300F5D161 /* LightScene.cpp */; };
		187D771D1C8ECF9300F5D161 /* LightScene.cpp in Sources */ = {isa = PBXBuildFile; fileRef = 187D771A1C8ECF9300F5D161 /* LightScene.cpp */; };
		188637F719D02BED00BD6FE3 /* TestScene.cpp in Sources */ = {isa = PBXBuildFile; fileRef = 188637F519D02BED00BD6FE3 /* TestScene.cpp */; };
		188637F819D02BED00BD6FE3 /* TestScene.cpp in Sources */ = {isa = PBXBuildFile; fileRef = 188637F519D02BED00BD6FE3 /* TestScene.cpp */; };
		18AC2E031D59D3E800D6590B /* C3tLoader.cpp in Sources */ = {isa = PBXBuildFile; fileRef = 18AC2E011D59D3E800D6590B /* C3tLoader.cpp */; };
		18AC2E041D59D3E800D6590B /* C3tLoader.cpp in Sources */ = {isa = PBXBuildFile; fileRef = 18AC2E011D59D3E800D6590B /* C3tLoader.cpp */; };
		18BE16E21C4933F5000592A4 /* TouchScene.cpp in Sources */ = {isa = PBXBuildFile; fileRef = 18BE16E01C4933F5000592A4 /* TouchScene.cpp */; };
		18BE16E31C4933F5000592A4 /* TouchScene.cpp in Sources */ = {isa = PBXBuildFile; fileRef = 18BE16E01C4933F5000592A4 /* TouchScene.cpp */; };
		18BF2DBA19B6BBF60006872A /* OpenGL.framework in Frameworks */ = {isa = PBXBuildFile; fileRef = 18F31C1F19B5D8B00089E78E /* OpenGL.framework */; };
		18C9F7511E5ADDF4003B3C5B /* TerrainScene.cpp in Sources */ = {isa = PBXBuildFile; fileRef = 18C9F74F1E5ADDF4003B3C5B /* TerrainScene.cpp */; };
		18C9F7521E5ADDF4003B3C5B /* TerrainScene.cpp in Sources */ = {isa = PBXBuildFile; fileRef = 18C9F74F1E5ADDF4003B3C5B /* TerrainScene.cpp */; };
		18F439EC1B72495E00D9B788 /* ActionScene.cpp in Sources */ = {isa = PBXBuildFile; fileRef = 18F439EA1B72495E00D9B788 /* ActionScene.cpp */; };
		18F439ED1B72495E00D9B788 /* ActionScene.cpp in Sources */ = {isa = PBXBuildFile; fileRef = 18F439EA1B72495E00D9B788 /* ActionScene.cpp */; };
		18F9F4D719C5E5640023C83B /* PlatformDelegate.cpp in Sources */ = {isa = PBXBuildFile; fileRef = 18F9F4D519C5E5640023C83B /* PlatformDelegate.cpp */; };
/* End PBXBuildFile section */

/* Begin PBXContainerItemProxy section */
		187CF5EF19C7011E00C8094C /* PBXContainerItemProxy */ = {
			isa = PBXContainerItemProxy;
			containerPortal = 185ED06919B47A7400801CA0 /* Peach3DLib.xcodeproj */;
			proxyType = 2;
			remoteGlobalIDString = 185ED03F19B47A7400801CA0;
			remoteInfo = Peach3DLib_MAC;
		};
		187CF5F119C7011E00C8094C /* PBXContainerItemProxy */ = {
			isa = PBXContainerItemProxy;
			containerPortal = 185ED06919B47A7400801CA0 /* Peach3DLib.xcodeproj */;
			proxyType = 2;
			remoteGlobalIDString = 18F9F51019C6C47A0023C83B;
			remoteInfo = Peach3DLib_IOS;
		};
/* End PBXContainerItemProxy section */

/* Begin PBXFileReference section */
		181CC1AF1DCB1DE900730026 /* resource */ = {isa = PBXFileReference; lastKnownFileType = folder; name = resource; path = ../resource; sourceTree = "<group>"; };
		182181831C579FBD00635EFE /* DeviceScene.cpp */ = {isa = PBXFileReference; fileEncoding = 4; lastKnownFileType = sourcecode.cpp.cpp; path = DeviceScene.cpp; sourceTree = "<group>"; };
		182181841C579FBD00635EFE /* DeviceScene.h */ = {isa = PBXFileReference; fileEncoding = 4; lastKnownFileType = sourcecode.c.h; path = DeviceScene.h; sourceTree = "<group>"; };
		184106FC1B6B8E2D005133E2 /* BaseSample.h */ = {isa = PBXFileReference; fileEncoding = 4; lastKnownFileType = sourcecode.c.h; path = BaseSample.h; sourceTree = "<group>"; };
		184107041B6CAD4B005133E2 /* BaseScene.cpp */ = {isa = PBXFileReference; fileEncoding = 4; lastKnownFileType = sourcecode.cpp.cpp; path = BaseScene.cpp; sourceTree = "<group>"; };
		184107051B6CAD4B005133E2 /* BaseScene.h */ = {isa = PBXFileReference; fileEncoding = 4; lastKnownFileType = sourcecode.c.h; path = BaseScene.h; sourceTree = "<group>"; };
		184107111B6CBCAD005133E2 /* UIScene.cpp */ = {isa = PBXFileReference; fileEncoding = 4; lastKnownFileType = sourcecode.cpp.cpp; path = UIScene.cpp; sourceTree = "<group>"; };
		184107121B6CBCAD005133E2 /* UIScene.h */ = {isa = PBXFileReference; fileEncoding = 4; lastKnownFileType = sourcecode.c.h; path = UIScene.h; sourceTree = "<group>"; };
		18461D961CA25C78001A9829 /* DollScene.cpp */ = {isa = PBXFileReference; fileEncoding = 4; lastKnownFileType = sourcecode.cpp.cpp; path = DollScene.cpp; sourceTree = "<group>"; };
		18461D971CA25C78001A9829 /* DollScene.h */ = {isa = PBXFileReference; fileEncoding = 4; lastKnownFileType = sourcecode.c.h; path = DollScene.h; sourceTree = "<group>"; };
		18461DA81CAA68F6001A9829 /* RTTShadowScene.cpp */ = {isa = PBXFileReference; fileEncoding = 4; lastKnownFileType = sourcecode.cpp.cpp; path = RTTShadowScene.cpp; sourceTree = "<group>"; };
		18461DA91CAA68F6001A9829 /* RTTShadowScene.h */ = {isa = PBXFileReference; fileEncoding = 4; lastKnownFileType = sourcecode.c.h; path = RTTShadowScene.h; sourceTree = "<group>"; };
		184C3BBE1C3AB6E20073B598 /* MeshScene.cpp */ = {isa = PBXFileReference; fileEncoding = 4; lastKnownFileType = sourcecode.cpp.cpp; path = MeshScene.cpp; sourceTree = "<group>"; };
		184C3BBF1C3AB6E20073B598 /* MeshScene.h */ = {isa = PBXFileReference; fileEncoding = 4; lastKnownFileType = sourcecode.c.h; path = MeshScene.h; sourceTree = "<group>"; };
		185959BF1B440AF500FFB5F5 /* Carbon.framework */ = {isa = PBXFileReference; lastKnownFileType = wrapper.framework; name = Carbon.framework; path = System/Library/Frameworks/Carbon.framework; sourceTree = SDKROOT; };
		185BD02F1D9D1376008A55D2 /* ParticleScene.cpp */ = {isa = PBXFileReference; fileEncoding = 4; lastKnownFileType = sourcecode.cpp.cpp; path = ParticleScene.cpp; sourceTree = "<group>"; };
		185BD0301D9D1376008A55D2 /* ParticleScene.h */ = {isa = PBXFileReference; fileEncoding = 4; lastKnownFileType = sourcecode.c.h; path = ParticleScene.h; sourceTree = "<group>"; };
		185ECFFF19B4773F00801CA0 /* test_mac.app */ = {isa = PBXFileReference; explicitFileType = wrapper.application; includeInIndex = 0; path = test_mac.app; sourceTree = BUILT_PRODUCTS_DIR; };
		185ED00219B4773F00801CA0 /* Cocoa.framework */ = {isa = PBXFileReference; lastKnownFileType = wrapper.framework; name = Cocoa.framework; path = System/Library/Frameworks/Cocoa.framework; sourceTree = SDKROOT; };
		185ED00519B4773F00801CA0 /* AppKit.framework */ = {isa = PBXFileReference; lastKnownFileType = wrapper.framework; name = AppKit.framework; path = System/Library/Frameworks/AppKit.framework; sourceTree = SDKROOT; };
		185ED00619B4773F00801CA0 /* CoreData.framework */ = {isa = PBXFileReference; lastKnownFileType = wrapper.framework; name = CoreData.framework; path = System/Library/Frameworks/CoreData.framework; sourceTree = SDKROOT; };
		185ED00719B4773F00801CA0 /* Foundation.framework */ = {isa = PBXFileReference; lastKnownFileType = wrapper.framework; name = Foundation.framework; path = System/Library/Frameworks/Foundation.framework; sourceTree = SDKROOT; };
		185ED06919B47A7400801CA0 /* Peach3DLib.xcodeproj */ = {isa = PBXFileReference; lastKnownFileType = "wrapper.pb-project"; name = Peach3DLib.xcodeproj; path = ../../pro.mac_ios/Peach3DLib.xcodeproj; sourceTree = "<group>"; };
		187CF5F819C7019000C8094C /* test_ios.app */ = {isa = PBXFileReference; explicitFileType = wrapper.application; includeInIndex = 0; path = test_ios.app; sourceTree = BUILT_PRODUCTS_DIR; };
		187CF5F919C7019000C8094C /* Foundation.framework */ = {isa = PBXFileReference; lastKnownFileType = wrapper.framework; name = Foundation.framework; path = System/Library/Frameworks/Foundation.framework; sourceTree = SDKROOT; };
		187CF5FB19C7019000C8094C /* CoreGraphics.framework */ = {isa = PBXFileReference; lastKnownFileType = wrapper.framework; name = CoreGraphics.framework; path = System/Library/Frameworks/CoreGraphics.framework; sourceTree = SDKROOT; };
		187CF5FD19C7019000C8094C /* UIKit.framework */ = {isa = PBXFileReference; lastKnownFileType = wrapper.framework; name = UIKit.framework; path = Library/Frameworks/UIKit.framework; sourceTree = DEVELOPER_DIR; };
		187CF60119C7019000C8094C /* test_ios-Info.plist */ = {isa = PBXFileReference; lastKnownFileType = text.plist.xml; path = "test_ios-Info.plist"; sourceTree = "<group>"; };
		187CF60319C7019000C8094C /* en */ = {isa = PBXFileReference; lastKnownFileType = text.plist.strings; name = en; path = en.lproj/InfoPlist.strings; sourceTree = "<group>"; };
		187CF60519C7019000C8094C /* main.m */ = {isa = PBXFileReference; lastKnownFileType = sourcecode.c.objc; path = main.m; sourceTree = "<group>"; };
		187CF60719C7019000C8094C /* test_ios-Prefix.pch */ = {isa = PBXFileReference; lastKnownFileType = sourcecode.c.h; path = "test_ios-Prefix.pch"; sourceTree = "<group>"; };
		187CF60819C7019000C8094C /* AppDelegate.h */ = {isa = PBXFileReference; lastKnownFileType = sourcecode.c.h; path = AppDelegate.h; sourceTree = "<group>"; };
		187CF60919C7019000C8094C /* AppDelegate.mm */ = {isa = PBXFileReference; lastKnownFileType = sourcecode.cpp.objcpp; path = AppDelegate.mm; sourceTree = "<group>"; };
		187CF60B19C7019000C8094C /* Images.xcassets */ = {isa = PBXFileReference; lastKnownFileType = folder.assetcatalog; path = Images.xcassets; sourceTree = "<group>"; };
		187CF62619C7028300C8094C /* test_mac-Info.plist */ = {isa = PBXFileReference; fileEncoding = 4; lastKnownFileType = text.plist.xml; name = "test_mac-Info.plist"; path = "test_mac/test_mac-Info.plist"; sourceTree = SOURCE_ROOT; };
		187CF62719C7028300C8094C /* test_mac-Prefix.pch */ = {isa = PBXFileReference; fileEncoding = 4; lastKnownFileType = sourcecode.c.h; name = "test_mac-Prefix.pch"; path = "test_mac/test_mac-Prefix.pch"; sourceTree = SOURCE_ROOT; };
		187CF62919C7034900C8094C /* OpenGLES.framework */ = {isa = PBXFileReference; lastKnownFileType = wrapper.framework; name = OpenGLES.framework; path = Platforms/iPhoneOS.platform/Developer/SDKs/iPhoneOS7.1.sdk/System/Library/Frameworks/OpenGLES.framework; sourceTree = DEVELOPER_DIR; };
		187CF63919C717CA00C8094C /* GLKit.framework */ = {isa = PBXFileReference; lastKnownFileType = wrapper.framework; name = GLKit.framework; path = Platforms/iPhoneOS.platform/Developer/SDKs/iPhoneOS7.1.sdk/System/Library/Frameworks/GLKit.framework; sourceTree = DEVELOPER_DIR; };
		187CF63D19C71BBC00C8094C /* AppDelegate.h */ = {isa = PBXFileReference; fileEncoding = 4; lastKnownFileType = sourcecode.c.h; name = AppDelegate.h; path = test_mac/AppDelegate.h; sourceTree = SOURCE_ROOT; };
		187CF63E19C71BBC00C8094C /* AppDelegate.mm */ = {isa = PBXFileReference; fileEncoding = 4; lastKnownFileType = sourcecode.cpp.objcpp; name = AppDelegate.mm; path = test_mac/AppDelegate.mm; sourceTree = SOURCE_ROOT; };
		187CF64019C72A3100C8094C /* main.m */ = {isa = PBXFileReference; fileEncoding = 4; lastKnownFileType = sourcecode.c.objc; name = main.m; path = test_mac/main.m; sourceTree = SOURCE_ROOT; };
		187CF64319C72A5900C8094C /* en */ = {isa = PBXFileReference; lastKnownFileType = text.rtf; name = en; path = test_mac/en.lproj/Credits.rtf; sourceTree = SOURCE_ROOT; };
		187CF64519C72A5900C8094C /* en */ = {isa = PBXFileReference; lastKnownFileType = text.plist.strings; name = en; path = test_mac/en.lproj/InfoPlist.strings; sourceTree = SOURCE_ROOT; };
		187CF64819C72A7100C8094C /* Images.xcassets */ = {isa = PBXFileReference; lastKnownFileType = folder.assetcatalog; name = Images.xcassets; path = test_mac/Images.xcassets; sourceTree = SOURCE_ROOT; };
		187D771A1C8ECF9300F5D161 /* LightScene.cpp */ = {isa = PBXFileReference; fileEncoding = 4; lastKnownFileType = sourcecode.cpp.cpp; path = LightScene.cpp; sourceTree = "<group>"; };
		187D771B1C8ECF9300F5D161 /* LightScene.h */ = {isa = PBXFileReference; fileEncoding = 4; lastKnownFileType = sourcecode.c.h; path = LightScene.h; sourceTree = "<group>"; };
		188637F519D02BED00BD6FE3 /* TestScene.cpp */ = {isa = PBXFileReference; fileEncoding = 4; lastKnownFileType = sourcecode.cpp.cpp; path = TestScene.cpp; sourceTree = "<group>"; };
		188637F619D02BED00BD6FE3 /* TestScene.h */ = {isa = PBXFileReference; fileEncoding = 4; lastKnownFileType = sourcecode.c.h; path = TestScene.h; sourceTree = "<group>"; };
		18AC2E011D59D3E800D6590B /* C3tLoader.cpp */ = {isa = PBXFileReference; fileEncoding = 4; lastKnownFileType = sourcecode.cpp.cpp; path = C3tLoader.cpp; sourceTree = "<group>"; };
		18AC2E021D59D3E800D6590B /* C3tLoader.h */ = {isa = PBXFileReference; fileEncoding = 4; lastKnownFileType = sourcecode.c.h; path = C3tLoader.h; sourceTree = "<group>"; };
		18AC2E2C1D5B2AD200D6590B /* allocators.h */ = {isa = PBXFileReference; fileEncoding = 4; lastKnownFileType = sourcecode.c.h; path = allocators.h; sourceTree = "<group>"; };
		18AC2E2D1D5B2AD200D6590B /* document.h */ = {isa = PBXFileReference; fileEncoding = 4; lastKnownFileType = sourcecode.c.h; path = document.h; sourceTree = "<group>"; };
		18AC2E2E1D5B2AD200D6590B /* encodedstream.h */ = {isa = PBXFileReference; fileEncoding = 4; lastKnownFileType = sourcecode.c.h; path = encodedstream.h; sourceTree = "<group>"; };
		18AC2E2F1D5B2AD200D6590B /* encodings.h */ = {isa = PBXFileReference; fileEncoding = 4; lastKnownFileType = sourcecode.c.h; path = encodings.h; sourceTree = "<group>"; };
		18AC2E311D5B2AD200D6590B /* en.h */ = {isa = PBXFileReference; fileEncoding = 4; lastKnownFileType = sourcecode.c.h; path = en.h; sourceTree = "<group>"; };
		18AC2E321D5B2AD200D6590B /* error.h */ = {isa = PBXFileReference; fileEncoding = 4; lastKnownFileType = sourcecode.c.h; path = error.h; sourceTree = "<group>"; };
		18AC2E331D5B2AD200D6590B /* filereadstream.h */ = {isa = PBXFileReference; fileEncoding = 4; lastKnownFileType = sourcecode.c.h; path = filereadstream.h; sourceTree = "<group>"; };
		18AC2E341D5B2AD200D6590B /* filewritestream.h */ = {isa = PBXFileReference; fileEncoding = 4; lastKnownFileType = sourcecode.c.h; path = filewritestream.h; sourceTree = "<group>"; };
		18AC2E361D5B2AD200D6590B /* biginteger.h */ = {isa = PBXFileReference; fileEncoding = 4; lastKnownFileType = sourcecode.c.h; path = biginteger.h; sourceTree = "<group>"; };
		18AC2E371D5B2AD200D6590B /* diyfp.h */ = {isa = PBXFileReference; fileEncoding = 4; lastKnownFileType = sourcecode.c.h; path = diyfp.h; sourceTree = "<group>"; };
		18AC2E381D5B2AD200D6590B /* dtoa.h */ = {isa = PBXFileReference; fileEncoding = 4; lastKnownFileType = sourcecode.c.h; path = dtoa.h; sourceTree = "<group>"; };
		18AC2E391D5B2AD200D6590B /* ieee754.h */ = {isa = PBXFileReference; fileEncoding = 4; lastKnownFileType = sourcecode.c.h; path = ieee754.h; sourceTree = "<group>"; };
		18AC2E3A1D5B2AD200D6590B /* itoa.h */ = {isa = PBXFileReference; fileEncoding = 4; lastKnownFileType = sourcecode.c.h; path = itoa.h; sourceTree = "<group>"; };
		18AC2E3B1D5B2AD200D6590B /* meta.h */ = {isa = PBXFileReference; fileEncoding = 4; lastKnownFileType = sourcecode.c.h; path = meta.h; sourceTree = "<group>"; };
		18AC2E3C1D5B2AD200D6590B /* pow10.h */ = {isa = PBXFileReference; fileEncoding = 4; lastKnownFileType = sourcecode.c.h; path = pow10.h; sourceTree = "<group>"; };
		18AC2E3D1D5B2AD200D6590B /* stack.h */ = {isa = PBXFileReference; fileEncoding = 4; lastKnownFileType = sourcecode.c.h; path = stack.h; sourceTree = "<group>"; };
		18AC2E3E1D5B2AD200D6590B /* strfunc.h */ = {isa = PBXFileReference; fileEncoding = 4; lastKnownFileType = sourcecode.c.h; path = strfunc.h; sourceTree = "<group>"; };
		18AC2E3F1D5B2AD200D6590B /* strtod.h */ = {isa = PBXFileReference; fileEncoding = 4; lastKnownFileType = sourcecode.c.h; path = strtod.h; sourceTree = "<group>"; };
		18AC2E401D5B2AD200D6590B /* memorybuffer.h */ = {isa = PBXFileReference; fileEncoding = 4; lastKnownFileType = sourcecode.c.h; path = memorybuffer.h; sourceTree = "<group>"; };
		18AC2E411D5B2AD200D6590B /* memorystream.h */ = {isa = PBXFileReference; fileEncoding = 4; lastKnownFileType = sourcecode.c.h; path = memorystream.h; sourceTree = "<group>"; };
		18AC2E431D5B2AD200D6590B /* inttypes.h */ = {isa = PBXFileReference; fileEncoding = 4; lastKnownFileType = sourcecode.c.h; path = inttypes.h; sourceTree = "<group>"; };
		18AC2E441D5B2AD200D6590B /* stdint.h */ = {isa = PBXFileReference; fileEncoding = 4; lastKnownFileType = sourcecode.c.h; path = stdint.h; sourceTree = "<group>"; };
		18AC2E451D5B2AD200D6590B /* prettywriter.h */ = {isa = PBXFileReference; fileEncoding = 4; lastKnownFileType = sourcecode.c.h; path = prettywriter.h; sourceTree = "<group>"; };
		18AC2E461D5B2AD200D6590B /* rapidjson.h */ = {isa = PBXFileReference; fileEncoding = 4; lastKnownFileType = sourcecode.c.h; path = rapidjson.h; sourceTree = "<group>"; };
		18AC2E471D5B2AD200D6590B /* reader.h */ = {isa = PBXFileReference; fileEncoding = 4; lastKnownFileType = sourcecode.c.h; path = reader.h; sourceTree = "<group>"; };
		18AC2E481D5B2AD200D6590B /* stringbuffer.h */ = {isa = PBXFileReference; fileEncoding = 4; lastKnownFileType = sourcecode.c.h; path = stringbuffer.h; sourceTree = "<group>"; };
		18AC2E491D5B2AD200D6590B /* writer.h */ = {isa = PBXFileReference; fileEncoding = 4; lastKnownFileType = sourcecode.c.h; path = writer.h; sourceTree = "<group>"; };
		18BE16E01C4933F5000592A4 /* TouchScene.cpp */ = {isa = PBXFileReference; fileEncoding = 4; lastKnownFileType = sourcecode.cpp.cpp; path = TouchScene.cpp; sourceTree = "<group>"; };
		18BE16E11C4933F5000592A4 /* TouchScene.h */ = {isa = PBXFileReference; fileEncoding = 4; lastKnownFileType = sourcecode.c.h; path = TouchScene.h; sourceTree = "<group>"; };
		18C9F74F1E5ADDF4003B3C5B /* TerrainScene.cpp */ = {isa = PBXFileReference; fileEncoding = 4; lastKnownFileType = sourcecode.cpp.cpp; path = TerrainScene.cpp; sourceTree = "<group>"; };
		18C9F7501E5ADDF4003B3C5B /* TerrainScene.h */ = {isa = PBXFileReference; fileEncoding = 4; lastKnownFileType = sourcecode.c.h; path = TerrainScene.h; sourceTree = "<group>"; };
		18F31C1F19B5D8B00089E78E /* OpenGL.framework */ = {isa = PBXFileReference; lastKnownFileType = wrapper.framework; name = OpenGL.framework; path = System/Library/Frameworks/OpenGL.framework; sourceTree = SDKROOT; };
		18F439EA1B72495E00D9B788 /* ActionScene.cpp */ = {isa = PBXFileReference; fileEncoding = 4; lastKnownFileType = sourcecode.cpp.cpp; path = ActionScene.cpp; sourceTree = "<group>"; };
		18F439EB1B72495E00D9B788 /* ActionScene.h */ = {isa = PBXFileReference; fileEncoding = 4; lastKnownFileType = sourcecode.c.h; path = ActionScene.h; sourceTree = "<group>"; };
		18F9F4D519C5E5640023C83B /* PlatformDelegate.cpp */ = {isa = PBXFileReference; fileEncoding = 4; lastKnownFileType = sourcecode.cpp.cpp; path = PlatformDelegate.cpp; sourceTree = "<group>"; };
		18F9F4D619C5E5640023C83B /* PlatformDelegate.h */ = {isa = PBXFileReference; fileEncoding = 4; lastKnownFileType = sourcecode.c.h; path = PlatformDelegate.h; sourceTree = "<group>"; };
/* End PBXFileReference section */

/* Begin PBXFrameworksBuildPhase section */
		185ECFFC19B4773F00801CA0 /* Frameworks */ = {
			isa = PBXFrameworksBuildPhase;
			buildActionMask = 2147483647;
			files = (
				185959C01B440AF600FFB5F5 /* Carbon.framework in Frameworks */,
				187CF5F319C7013E00C8094C /* libPeach3DLib_MAC.a in Frameworks */,
				18BF2DBA19B6BBF60006872A /* OpenGL.framework in Frameworks */,
				185ED00319B4773F00801CA0 /* Cocoa.framework in Frameworks */,
			);
			runOnlyForDeploymentPostprocessing = 0;
		};
		187CF5F519C7019000C8094C /* Frameworks */ = {
			isa = PBXFrameworksBuildPhase;
			buildActionMask = 2147483647;
			files = (
				187CF63A19C717CA00C8094C /* GLKit.framework in Frameworks */,
				187CF62B19C7034F00C8094C /* libPeach3DLib_IOS.a in Frameworks */,
				187CF62A19C7034900C8094C /* OpenGLES.framework in Frameworks */,
				187CF5FC19C7019000C8094C /* CoreGraphics.framework in Frameworks */,
				187CF5FE19C7019000C8094C /* UIKit.framework in Frameworks */,
				187CF5FA19C7019000C8094C /* Foundation.framework in Frameworks */,
			);
			runOnlyForDeploymentPostprocessing = 0;
		};
/* End PBXFrameworksBuildPhase section */

/* Begin PBXGroup section */
		185ECFF619B4773F00801CA0 = {
			isa = PBXGroup;
			children = (
				185ED06919B47A7400801CA0 /* Peach3DLib.xcodeproj */,
				185ED00819B4773F00801CA0 /* test_mac */,
				187CF5FF19C7019000C8094C /* test_ios */,
				18F9F4D119C5E3DF0023C83B /* source */,
				181CC1AF1DCB1DE900730026 /* resource */,
				185ED00119B4773F00801CA0 /* Frameworks */,
				185ED00019B4773F00801CA0 /* Products */,
			);
			sourceTree = "<group>";
		};
		185ED00019B4773F00801CA0 /* Products */ = {
			isa = PBXGroup;
			children = (
				185ECFFF19B4773F00801CA0 /* test_mac.app */,
				187CF5F819C7019000C8094C /* test_ios.app */,
			);
			name = Products;
			sourceTree = "<group>";
		};
		185ED00119B4773F00801CA0 /* Frameworks */ = {
			isa = PBXGroup;
			children = (
				185959BF1B440AF500FFB5F5 /* Carbon.framework */,
				187CF63919C717CA00C8094C /* GLKit.framework */,
				187CF62919C7034900C8094C /* OpenGLES.framework */,
				18F31C1F19B5D8B00089E78E /* OpenGL.framework */,
				185ED00219B4773F00801CA0 /* Cocoa.framework */,
				187CF5F919C7019000C8094C /* Foundation.framework */,
				187CF5FB19C7019000C8094C /* CoreGraphics.framework */,
				187CF5FD19C7019000C8094C /* UIKit.framework */,
				185ED00419B4773F00801CA0 /* Other Frameworks */,
			);
			name = Frameworks;
			sourceTree = "<group>";
		};
		185ED00419B4773F00801CA0 /* Other Frameworks */ = {
			isa = PBXGroup;
			children = (
				185ED00519B4773F00801CA0 /* AppKit.framework */,
				185ED00619B4773F00801CA0 /* CoreData.framework */,
				185ED00719B4773F00801CA0 /* Foundation.framework */,
			);
			name = "Other Frameworks";
			sourceTree = "<group>";
		};
		185ED00819B4773F00801CA0 /* test_mac */ = {
			isa = PBXGroup;
			children = (
				187CF63D19C71BBC00C8094C /* AppDelegate.h */,
				187CF63E19C71BBC00C8094C /* AppDelegate.mm */,
				187CF64819C72A7100C8094C /* Images.xcassets */,
				185ED00919B4773F00801CA0 /* Supporting Files */,
			);
			name = test_mac;
			path = test;
			sourceTree = "<group>";
		};
		185ED00919B4773F00801CA0 /* Supporting Files */ = {
			isa = PBXGroup;
			children = (
				187CF64219C72A5900C8094C /* Credits.rtf */,
				187CF64419C72A5900C8094C /* InfoPlist.strings */,
				187CF64019C72A3100C8094C /* main.m */,
				187CF62619C7028300C8094C /* test_mac-Info.plist */,
				187CF62719C7028300C8094C /* test_mac-Prefix.pch */,
			);
			name = "Supporting Files";
			sourceTree = "<group>";
		};
		187CF5EB19C7011E00C8094C /* Products */ = {
			isa = PBXGroup;
			children = (
				187CF5F019C7011E00C8094C /* libPeach3DLib_MAC.a */,
				187CF5F219C7011E00C8094C /* libPeach3DLib_IOS.a */,
			);
			name = Products;
			sourceTree = "<group>";
		};
		187CF5FF19C7019000C8094C /* test_ios */ = {
			isa = PBXGroup;
			children = (
				187CF60819C7019000C8094C /* AppDelegate.h */,
				187CF60919C7019000C8094C /* AppDelegate.mm */,
				187CF60B19C7019000C8094C /* Images.xcassets */,
				187CF60019C7019000C8094C /* Supporting Files */,
			);
			path = test_ios;
			sourceTree = "<group>";
		};
		187CF60019C7019000C8094C /* Supporting Files */ = {
			isa = PBXGroup;
			children = (
				187CF60119C7019000C8094C /* test_ios-Info.plist */,
				187CF60219C7019000C8094C /* InfoPlist.strings */,
				187CF60519C7019000C8094C /* main.m */,
				187CF60719C7019000C8094C /* test_ios-Prefix.pch */,
			);
			name = "Supporting Files";
			sourceTree = "<group>";
		};
		18AC2DFE1D59D34800D6590B /* cocos2dx */ = {
			isa = PBXGroup;
			children = (
				18AC2E011D59D3E800D6590B /* C3tLoader.cpp */,
				18AC2E021D59D3E800D6590B /* C3tLoader.h */,
			);
			path = cocos2dx;
			sourceTree = "<group>";
		};
		18AC2E2B1D5B2AD200D6590B /* rapidjson */ = {
			isa = PBXGroup;
			children = (
				18AC2E2C1D5B2AD200D6590B /* allocators.h */,
				18AC2E2D1D5B2AD200D6590B /* document.h */,
				18AC2E2E1D5B2AD200D6590B /* encodedstream.h */,
				18AC2E2F1D5B2AD200D6590B /* encodings.h */,
				18AC2E301D5B2AD200D6590B /* error */,
				18AC2E331D5B2AD200D6590B /* filereadstream.h */,
				18AC2E341D5B2AD200D6590B /* filewritestream.h */,
				18AC2E351D5B2AD200D6590B /* internal */,
				18AC2E401D5B2AD200D6590B /* memorybuffer.h */,
				18AC2E411D5B2AD200D6590B /* memorystream.h */,
				18AC2E421D5B2AD200D6590B /* msinttypes */,
				18AC2E451D5B2AD200D6590B /* prettywriter.h */,
				18AC2E461D5B2AD200D6590B /* rapidjson.h */,
				18AC2E471D5B2AD200D6590B /* reader.h */,
				18AC2E481D5B2AD200D6590B /* stringbuffer.h */,
				18AC2E491D5B2AD200D6590B /* writer.h */,
			);
			path = rapidjson;
			sourceTree = "<group>";
		};
		18AC2E301D5B2AD200D6590B /* error */ = {
			isa = PBXGroup;
			children = (
				18AC2E311D5B2AD200D6590B /* en.h */,
				18AC2E321D5B2AD200D6590B /* error.h */,
			);
			path = error;
			sourceTree = "<group>";
		};
		18AC2E351D5B2AD200D6590B /* internal */ = {
			isa = PBXGroup;
			children = (
				18AC2E361D5B2AD200D6590B /* biginteger.h */,
				18AC2E371D5B2AD200D6590B /* diyfp.h */,
				18AC2E381D5B2AD200D6590B /* dtoa.h */,
				18AC2E391D5B2AD200D6590B /* ieee754.h */,
				18AC2E3A1D5B2AD200D6590B /* itoa.h */,
				18AC2E3B1D5B2AD200D6590B /* meta.h */,
				18AC2E3C1D5B2AD200D6590B /* pow10.h */,
				18AC2E3D1D5B2AD200D6590B /* stack.h */,
				18AC2E3E1D5B2AD200D6590B /* strfunc.h */,
				18AC2E3F1D5B2AD200D6590B /* strtod.h */,
			);
			path = internal;
			sourceTree = "<group>";
		};
		18AC2E421D5B2AD200D6590B /* msinttypes */ = {
			isa = PBXGroup;
			children = (
				18AC2E431D5B2AD200D6590B /* inttypes.h */,
				18AC2E441D5B2AD200D6590B /* stdint.h */,
			);
			path = msinttypes;
			sourceTree = "<group>";
		};
		18F9F4D119C5E3DF0023C83B /* source */ = {
			isa = PBXGroup;
			children = (
				18AC2DFE1D59D34800D6590B /* cocos2dx */,
				18AC2E2B1D5B2AD200D6590B /* rapidjson */,
				18F439EA1B72495E00D9B788 /* ActionScene.cpp */,
				18F439EB1B72495E00D9B788 /* ActionScene.h */,
				184106FC1B6B8E2D005133E2 /* BaseSample.h */,
				184107041B6CAD4B005133E2 /* BaseScene.cpp */,
				184107051B6CAD4B005133E2 /* BaseScene.h */,
				18461D961CA25C78001A9829 /* DollScene.cpp */,
				18461D971CA25C78001A9829 /* DollScene.h */,
				182181831C579FBD00635EFE /* DeviceScene.cpp */,
				182181841C579FBD00635EFE /* DeviceScene.h */,
				187D771A1C8ECF9300F5D161 /* LightScene.cpp */,
				187D771B1C8ECF9300F5D161 /* LightScene.h */,
				184C3BBE1C3AB6E20073B598 /* MeshScene.cpp */,
				184C3BBF1C3AB6E20073B598 /* MeshScene.h */,
				185BD02F1D9D1376008A55D2 /* ParticleScene.cpp */,
				185BD0301D9D1376008A55D2 /* ParticleScene.h */,
				18F9F4D519C5E5640023C83B /* PlatformDelegate.cpp */,
				18F9F4D619C5E5640023C83B /* PlatformDelegate.h */,
				18461DA81CAA68F6001A9829 /* RTTShadowScene.cpp */,
				18461DA91CAA68F6001A9829 /* RTTShadowScene.h */,
				18C9F74F1E5ADDF4003B3C5B /* TerrainScene.cpp */,
				18C9F7501E5ADDF4003B3C5B /* TerrainScene.h */,
				188637F519D02BED00BD6FE3 /* TestScene.cpp */,
				188637F619D02BED00BD6FE3 /* TestScene.h */,
				18BE16E01C4933F5000592A4 /* TouchScene.cpp */,
				18BE16E11C4933F5000592A4 /* TouchScene.h */,
				184107111B6CBCAD005133E2 /* UIScene.cpp */,
				184107121B6CBCAD005133E2 /* UIScene.h */,
			);
			name = source;
			path = ../source;
			sourceTree = "<group>";
		};
/* End PBXGroup section */

/* Begin PBXNativeTarget section */
		185ECFFE19B4773F00801CA0 /* test_mac */ = {
			isa = PBXNativeTarget;
			buildConfigurationList = 185ED03019B4774000801CA0 /* Build configuration list for PBXNativeTarget "test_mac" */;
			buildPhases = (
				185ECFFB19B4773F00801CA0 /* Sources */,
				185ECFFC19B4773F00801CA0 /* Frameworks */,
				185ECFFD19B4773F00801CA0 /* Resources */,
			);
			buildRules = (
			);
			dependencies = (
			);
			name = test_mac;
			productName = test;
			productReference = 185ECFFF19B4773F00801CA0 /* test_mac.app */;
			productType = "com.apple.product-type.application";
		};
		187CF5F719C7019000C8094C /* test_ios */ = {
			isa = PBXNativeTarget;
			buildConfigurationList = 187CF62019C7019000C8094C /* Build configuration list for PBXNativeTarget "test_ios" */;
			buildPhases = (
				187CF5F419C7019000C8094C /* Sources */,
				187CF5F519C7019000C8094C /* Frameworks */,
				187CF5F619C7019000C8094C /* Resources */,
			);
			buildRules = (
			);
			dependencies = (
			);
			name = test_ios;
			productName = test_ios;
			productReference = 187CF5F819C7019000C8094C /* test_ios.app */;
			productType = "com.apple.product-type.application";
		};
/* End PBXNativeTarget section */

/* Begin PBXProject section */
		185ECFF719B4773F00801CA0 /* Project object */ = {
			isa = PBXProject;
			attributes = {
				LastUpgradeCheck = 0800;
				ORGANIZATIONNAME = singoon.he;
				TargetAttributes = {
					187CF5F719C7019000C8094C = {
						DevelopmentTeam = 62ZMKJTUSU;
						ProvisioningStyle = Automatic;
					};
				};
			};
			buildConfigurationList = 185ECFFA19B4773F00801CA0 /* Build configuration list for PBXProject "test" */;
			compatibilityVersion = "Xcode 3.2";
			developmentRegion = English;
			hasScannedForEncodings = 0;
			knownRegions = (
				en,
				Base,
			);
			mainGroup = 185ECFF619B4773F00801CA0;
			productRefGroup = 185ED00019B4773F00801CA0 /* Products */;
			projectDirPath = "";
			projectReferences = (
				{
					ProductGroup = 187CF5EB19C7011E00C8094C /* Products */;
					ProjectRef = 185ED06919B47A7400801CA0 /* Peach3DLib.xcodeproj */;
				},
			);
			projectRoot = "";
			targets = (
				185ECFFE19B4773F00801CA0 /* test_mac */,
				187CF5F719C7019000C8094C /* test_ios */,
			);
		};
/* End PBXProject section */

/* Begin PBXReferenceProxy section */
		187CF5F019C7011E00C8094C /* libPeach3DLib_MAC.a */ = {
			isa = PBXReferenceProxy;
			fileType = "compiled.mach-o.dylib";
			path = libPeach3DLib_MAC.a;
			remoteRef = 187CF5EF19C7011E00C8094C /* PBXContainerItemProxy */;
			sourceTree = BUILT_PRODUCTS_DIR;
		};
		187CF5F219C7011E00C8094C /* libPeach3DLib_IOS.a */ = {
			isa = PBXReferenceProxy;
			fileType = archive.ar;
			path = libPeach3DLib_IOS.a;
			remoteRef = 187CF5F119C7011E00C8094C /* PBXContainerItemProxy */;
			sourceTree = BUILT_PRODUCTS_DIR;
		};
/* End PBXReferenceProxy section */

/* Begin PBXResourcesBuildPhase section */
		185ECFFD19B4773F00801CA0 /* Resources */ = {
			isa = PBXResourcesBuildPhase;
			buildActionMask = 2147483647;
			files = (
				181CC1B01DCB1DE900730026 /* resource in Resources */,
				187CF64919C72A7100C8094C /* Images.xcassets in Resources */,
				187CF64619C72A5900C8094C /* Credits.rtf in Resources */,
				187CF64719C72A5900C8094C /* InfoPlist.strings in Resources */,
			);
			runOnlyForDeploymentPostprocessing = 0;
		};
		187CF5F619C7019000C8094C /* Resources */ = {
			isa = PBXResourcesBuildPhase;
			buildActionMask = 2147483647;
			files = (
				187CF60419C7019000C8094C /* InfoPlist.strings in Resources */,
				187CF60C19C7019000C8094C /* Images.xcassets in Resources */,
				181CC1B11DCB1DE900730026 /* resource in Resources */,
			);
			runOnlyForDeploymentPostprocessing = 0;
		};
/* End PBXResourcesBuildPhase section */

/* Begin PBXSourcesBuildPhase section */
		185ECFFB19B4773F00801CA0 /* Sources */ = {
			isa = PBXSourcesBuildPhase;
			buildActionMask = 2147483647;
			files = (
				182181851C579FBD00635EFE /* DeviceScene.cpp in Sources */,
				187D771C1C8ECF9300F5D161 /* LightScene.cpp in Sources */,
				184107131B6CBCAD005133E2 /* UIScene.cpp in Sources */,
				184C3BC01C3AB6E20073B598 /* MeshScene.cpp in Sources */,
				18C9F7511E5ADDF4003B3C5B /* TerrainScene.cpp in Sources */,
				188637F719D02BED00BD6FE3 /* TestScene.cpp in Sources */,
				18F439EC1B72495E00D9B788 /* ActionScene.cpp in Sources */,
				184107061B6CAD4B005133E2 /* BaseScene.cpp in Sources */,
				18461D981CA25C78001A9829 /* DollScene.cpp in Sources */,
				18F9F4D719C5E5640023C83B /* PlatformDelegate.cpp in Sources */,
				18BE16E21C4933F5000592A4 /* TouchScene.cpp in Sources */,
				18461DAA1CAA68F6001A9829 /* RTTShadowScene.cpp in Sources */,
				18AC2E031D59D3E800D6590B /* C3tLoader.cpp in Sources */,
				187CF64119C72A3100C8094C /* main.m in Sources */,
				185BD0311D9D1376008A55D2 /* ParticleScene.cpp in Sources */,
				187CF63F19C71BBC00C8094C /* AppDelegate.mm in Sources */,
			);
			runOnlyForDeploymentPostprocessing = 0;
		};
		187CF5F419C7019000C8094C /* Sources */ = {
			isa = PBXSourcesBuildPhase;
			buildActionMask = 2147483647;
			files = (
				182181861C579FBD00635EFE /* DeviceScene.cpp in Sources */,
				187D771D1C8ECF9300F5D161 /* LightScene.cpp in Sources */,
				184107141B6CBCAD005133E2 /* UIScene.cpp in Sources */,
				184C3BC11C3AB6E20073B598 /* MeshScene.cpp in Sources */,
				18C9F7521E5ADDF4003B3C5B /* TerrainScene.cpp in Sources */,
				188637F819D02BED00BD6FE3 /* TestScene.cpp in Sources */,
				18F439ED1B72495E00D9B788 /* ActionScene.cpp in Sources */,
				184107071B6CAD4B005133E2 /* BaseScene.cpp in Sources */,
				18461D991CA25C78001A9829 /* DollScene.cpp in Sources */,
				187CF63319C7053100C8094C /* PlatformDelegate.cpp in Sources */,
				18BE16E31C4933F5000592A4 /* TouchScene.cpp in Sources */,
				18461DAB1CAA68F6001A9829 /* RTTShadowScene.cpp in Sources */,
				18AC2E041D59D3E800D6590B /* C3tLoader.cpp in Sources */,
				187CF60A19C7019000C8094C /* AppDelegate.mm in Sources */,
				185BD0321D9D1376008A55D2 /* ParticleScene.cpp in Sources */,
				187CF60619C7019000C8094C /* main.m in Sources */,
			);
			runOnlyForDeploymentPostprocessing = 0;
		};
/* End PBXSourcesBuildPhase section */

/* Begin PBXVariantGroup section */
		187CF60219C7019000C8094C /* InfoPlist.strings */ = {
			isa = PBXVariantGroup;
			children = (
				187CF60319C7019000C8094C /* en */,
			);
			name = InfoPlist.strings;
			sourceTree = "<group>";
		};
		187CF64219C72A5900C8094C /* Credits.rtf */ = {
			isa = PBXVariantGroup;
			children = (
				187CF64319C72A5900C8094C /* en */,
			);
			name = Credits.rtf;
			sourceTree = "<group>";
		};
		187CF64419C72A5900C8094C /* InfoPlist.strings */ = {
			isa = PBXVariantGroup;
			children = (
				187CF64519C72A5900C8094C /* en */,
			);
			name = InfoPlist.strings;
			sourceTree = "<group>";
		};
/* End PBXVariantGroup section */

/* Begin XCBuildConfiguration section */
		185ED02E19B4774000801CA0 /* Debug */ = {
			isa = XCBuildConfiguration;
			buildSettings = {
				ALWAYS_SEARCH_USER_PATHS = NO;
				CLANG_CXX_LANGUAGE_STANDARD = "gnu++0x";
				CLANG_CXX_LIBRARY = "libc++";
				CLANG_ENABLE_MODULES = YES;
				CLANG_ENABLE_OBJC_ARC = YES;
				CLANG_WARN_BOOL_CONVERSION = YES;
				CLANG_WARN_CONSTANT_CONVERSION = YES;
				CLANG_WARN_DIRECT_OBJC_ISA_USAGE = YES_ERROR;
				CLANG_WARN_EMPTY_BODY = YES;
				CLANG_WARN_ENUM_CONVERSION = YES;
				CLANG_WARN_INFINITE_RECURSION = YES;
				CLANG_WARN_INT_CONVERSION = YES;
				CLANG_WARN_OBJC_ROOT_CLASS = YES_ERROR;
				CLANG_WARN_SUSPICIOUS_MOVE = YES;
				CLANG_WARN_UNREACHABLE_CODE = YES;
				CLANG_WARN__DUPLICATE_METHOD_MATCH = YES;
				COPY_PHASE_STRIP = NO;
				ENABLE_STRICT_OBJC_MSGSEND = YES;
				ENABLE_TESTABILITY = YES;
				GCC_C_LANGUAGE_STANDARD = gnu99;
				GCC_DYNAMIC_NO_PIC = NO;
				GCC_ENABLE_OBJC_EXCEPTIONS = YES;
				GCC_NO_COMMON_BLOCKS = YES;
				GCC_OPTIMIZATION_LEVEL = 0;
				GCC_PREPROCESSOR_DEFINITIONS = (
					"DEBUG=1",
					"$(inherited)",
				);
				GCC_SYMBOLS_PRIVATE_EXTERN = NO;
				GCC_WARN_64_TO_32_BIT_CONVERSION = YES;
				GCC_WARN_ABOUT_RETURN_TYPE = YES_ERROR;
				GCC_WARN_UNDECLARED_SELECTOR = YES;
				GCC_WARN_UNINITIALIZED_AUTOS = YES_AGGRESSIVE;
				GCC_WARN_UNUSED_FUNCTION = YES;
				GCC_WARN_UNUSED_VARIABLE = YES;
				IPHONEOS_DEPLOYMENT_TARGET = 8.0;
				MACOSX_DEPLOYMENT_TARGET = 10.7;
				ONLY_ACTIVE_ARCH = YES;
				SDKROOT = macosx;
			};
			name = Debug;
		};
		185ED02F19B4774000801CA0 /* Release */ = {
			isa = XCBuildConfiguration;
			buildSettings = {
				ALWAYS_SEARCH_USER_PATHS = NO;
				CLANG_CXX_LANGUAGE_STANDARD = "gnu++0x";
				CLANG_CXX_LIBRARY = "libc++";
				CLANG_ENABLE_MODULES = YES;
				CLANG_ENABLE_OBJC_ARC = YES;
				CLANG_WARN_BOOL_CONVERSION = YES;
				CLANG_WARN_CONSTANT_CONVERSION = YES;
				CLANG_WARN_DIRECT_OBJC_ISA_USAGE = YES_ERROR;
				CLANG_WARN_EMPTY_BODY = YES;
				CLANG_WARN_ENUM_CONVERSION = YES;
				CLANG_WARN_INFINITE_RECURSION = YES;
				CLANG_WARN_INT_CONVERSION = YES;
				CLANG_WARN_OBJC_ROOT_CLASS = YES_ERROR;
				CLANG_WARN_SUSPICIOUS_MOVE = YES;
				CLANG_WARN_UNREACHABLE_CODE = YES;
				CLANG_WARN__DUPLICATE_METHOD_MATCH = YES;
				COPY_PHASE_STRIP = YES;
				DEBUG_INFORMATION_FORMAT = "dwarf-with-dsym";
				ENABLE_NS_ASSERTIONS = NO;
				ENABLE_STRICT_OBJC_MSGSEND = YES;
				GCC_C_LANGUAGE_STANDARD = gnu99;
				GCC_ENABLE_OBJC_EXCEPTIONS = YES;
				GCC_NO_COMMON_BLOCKS = YES;
				GCC_WARN_64_TO_32_BIT_CONVERSION = YES;
				GCC_WARN_ABOUT_RETURN_TYPE = YES_ERROR;
				GCC_WARN_UNDECLARED_SELECTOR = YES;
				GCC_WARN_UNINITIALIZED_AUTOS = YES_AGGRESSIVE;
				GCC_WARN_UNUSED_FUNCTION = YES;
				GCC_WARN_UNUSED_VARIABLE = YES;
				IPHONEOS_DEPLOYMENT_TARGET = 8.0;
				MACOSX_DEPLOYMENT_TARGET = 10.7;
				SDKROOT = macosx;
			};
			name = Release;
		};
		185ED03119B4774000801CA0 /* Debug */ = {
			isa = XCBuildConfiguration;
			buildSettings = {
				ASSETCATALOG_COMPILER_APPICON_NAME = AppIcon;
				CLANG_WARN_UNREACHABLE_CODE = YES;
				COMBINE_HIDPI_IMAGES = YES;
				GCC_PRECOMPILE_PREFIX_HEADER = YES;
				GCC_PREFIX_HEADER = "test_mac/test_mac-Prefix.pch";
				HEADER_SEARCH_PATHS = (
					"$(inherited)",
					/Applications/Xcode.app/Contents/Developer/Toolchains/XcodeDefault.xctoolchain/usr/include,
					"$(SRCROOT)/../../Peach3D",
					"$(SRCROOT)/../../Peach3D/Core",
					"$(SRCROOT)/../../Peach3D/Platform",
					"$(SRCROOT)/../../Peach3D/Support",
					"$(SRCROOT)/../source",
				);
				INFOPLIST_FILE = "test_mac/test_mac-Info.plist";
				OTHER_LDFLAGS = "-lz";
				PRODUCT_BUNDLE_IDENTIFIER = "info.supermotion.test-mac";
				PRODUCT_NAME = "$(TARGET_NAME)";
				WRAPPER_EXTENSION = app;
			};
			name = Debug;
		};
		185ED03219B4774000801CA0 /* Release */ = {
			isa = XCBuildConfiguration;
			buildSettings = {
				ASSETCATALOG_COMPILER_APPICON_NAME = AppIcon;
				CLANG_WARN_UNREACHABLE_CODE = YES;
				COMBINE_HIDPI_IMAGES = YES;
				GCC_PRECOMPILE_PREFIX_HEADER = YES;
				GCC_PREFIX_HEADER = "test_mac/test_mac-Prefix.pch";
				HEADER_SEARCH_PATHS = (
					"$(inherited)",
					/Applications/Xcode.app/Contents/Developer/Toolchains/XcodeDefault.xctoolchain/usr/include,
					"$(SRCROOT)/../../Peach3D",
					"$(SRCROOT)/../../Peach3D/Core",
					"$(SRCROOT)/../../Peach3D/Platform",
					"$(SRCROOT)/../../Peach3D/Support",
					"$(SRCROOT)/../source",
				);
				INFOPLIST_FILE = "test_mac/test_mac-Info.plist";
				OTHER_LDFLAGS = "-lz";
				PRODUCT_BUNDLE_IDENTIFIER = "info.supermotion.test-mac";
				PRODUCT_NAME = "$(TARGET_NAME)";
				WRAPPER_EXTENSION = app;
			};
			name = Release;
		};
		187CF62119C7019000C8094C /* Debug */ = {
			isa = XCBuildConfiguration;
			buildSettings = {
				ASSETCATALOG_COMPILER_APPICON_NAME = AppIcon;
				ASSETCATALOG_COMPILER_LAUNCHIMAGE_NAME = LaunchImage;
				CODE_SIGN_IDENTITY = "";
				"CODE_SIGN_IDENTITY[sdk=iphoneos*]" = "iPhone Developer";
				COMPRESS_PNG_FILES = NO;
				DEVELOPMENT_TEAM = 62ZMKJTUSU;
				FRAMEWORK_SEARCH_PATHS = (
					"$(inherited)",
					"$(DEVELOPER_FRAMEWORKS_DIR)",
				);
				GCC_PRECOMPILE_PREFIX_HEADER = YES;
				GCC_PREFIX_HEADER = "test_ios/test_ios-Prefix.pch";
				GCC_PREPROCESSOR_DEFINITIONS = (
					"DEBUG=1",
					"$(inherited)",
				);
				HEADER_SEARCH_PATHS = (
					"$(inherited)",
					/Applications/Xcode.app/Contents/Developer/Toolchains/XcodeDefault.xctoolchain/usr/include,
					"$(SRCROOT)/../../Peach3D",
					"$(SRCROOT)/../../Peach3D/Core",
					"$(SRCROOT)/../../Peach3D/Platform",
					"$(SRCROOT)/../../Peach3D/Support",
					"$(SRCROOT)/../source",
				);
				INFOPLIST_FILE = "test_ios/test_ios-Info.plist";
				IPHONEOS_DEPLOYMENT_TARGET = 8.0;
				OTHER_LDFLAGS = "-lz";
				PRODUCT_BUNDLE_IDENTIFIER = "info.supermotion.test-ios";
				PRODUCT_NAME = "$(TARGET_NAME)";
				PROVISIONING_PROFILE = "";
				"PROVISIONING_PROFILE[sdk=*]" = "";
				PROVISIONING_PROFILE_SPECIFIER = "";
				SDKROOT = iphoneos;
				STRIP_PNG_TEXT = NO;
				TARGETED_DEVICE_FAMILY = "1,2";
				WRAPPER_EXTENSION = app;
			};
			name = Debug;
		};
		187CF62219C7019000C8094C /* Release */ = {
			isa = XCBuildConfiguration;
			buildSettings = {
				ASSETCATALOG_COMPILER_APPICON_NAME = AppIcon;
				ASSETCATALOG_COMPILER_LAUNCHIMAGE_NAME = LaunchImage;
				CODE_SIGN_IDENTITY = "";
				"CODE_SIGN_IDENTITY[sdk=iphoneos*]" = "iPhone Developer";
				COMPRESS_PNG_FILES = NO;
				DEVELOPMENT_TEAM = 62ZMKJTUSU;
				FRAMEWORK_SEARCH_PATHS = (
					"$(inherited)",
					"$(DEVELOPER_FRAMEWORKS_DIR)",
				);
				GCC_PRECOMPILE_PREFIX_HEADER = YES;
				GCC_PREFIX_HEADER = "test_ios/test_ios-Prefix.pch";
				HEADER_SEARCH_PATHS = (
					"$(inherited)",
					/Applications/Xcode.app/Contents/Developer/Toolchains/XcodeDefault.xctoolchain/usr/include,
					"$(SRCROOT)/../../Peach3D",
					"$(SRCROOT)/../../Peach3D/Core",
					"$(SRCROOT)/../../Peach3D/Platform",
					"$(SRCROOT)/../../Peach3D/Support",
					"$(SRCROOT)/../source",
				);
				INFOPLIST_FILE = "test_ios/test_ios-Info.plist";
				IPHONEOS_DEPLOYMENT_TARGET = 8.0;
				OTHER_LDFLAGS = "-lz";
				PRODUCT_BUNDLE_IDENTIFIER = "info.supermotion.test-ios";
				PRODUCT_NAME = "$(TARGET_NAME)";
				PROVISIONING_PROFILE = "";
				"PROVISIONING_PROFILE[sdk=*]" = "";
				SDKROOT = iphoneos;
				STRIP_PNG_TEXT = NO;
				TARGETED_DEVICE_FAMILY = "1,2";
				VALIDATE_PRODUCT = YES;
				WRAPPER_EXTENSION = app;
			};
			name = Release;
		};
/* End XCBuildConfiguration section */

/* Begin XCConfigurationList section */
		185ECFFA19B4773F00801CA0 /* Build configuration list for PBXProject "test" */ = {
			isa = XCConfigurationList;
			buildConfigurations = (
				185ED02E19B4774000801CA0 /* Debug */,
				185ED02F19B4774000801CA0 /* Release */,
			);
			defaultConfigurationIsVisible = 0;
			defaultConfigurationName = Release;
		};
		185ED03019B4774000801CA0 /* Build configuration list for PBXNativeTarget "test_mac" */ = {
			isa = XCConfigurationList;
			buildConfigurations = (
				185ED03119B4774000801CA0 /* Debug */,
				185ED03219B4774000801CA0 /* Release */,
			);
			defaultConfigurationIsVisible = 0;
			defaultConfigurationName = Release;
		};
		187CF62019C7019000C8094C /* Build configuration list for PBXNativeTarget "test_ios" */ = {
			isa = XCConfigurationList;
			buildConfigurations = (
				187CF62119C7019000C8094C /* Debug */,
				187CF62219C7019000C8094C /* Release */,
			);
			defaultConfigurationIsVisible = 0;
			defaultConfigurationName = Release;
		};
/* End XCConfigurationList section */
	};
	rootObject = 185ECFF719B4773F00801CA0 /* Project object */;
}
